
Microsoft Visual Studio Solution File, Format Version 12.00
# Visual Studio Version 17
VisualStudioVersion = 17.11.35222.181
MinimumVisualStudioVersion = 10.0.40219.1
Project("{FAE04EC0-301F-11D3-BF4B-00C04F79EFBC}") = "Vocab10_API", "Vocab10_API\Vocab10_API.csproj", "{D1CF88FD-7EE1-4563-951C-8702887AF763}"
EndProject
Global
	GlobalSection(SolutionConfigurationPlatforms) = preSolution
		Debug|Any CPU = Debug|Any CPU
		Release|Any CPU = Release|Any CPU
	EndGlobalSection
	GlobalSection(ProjectConfigurationPlatforms) = postSolution
		{D1CF88FD-7EE1-4563-951C-8702887AF763}.Debug|Any CPU.ActiveCfg = Debug|Any CPU
		{D1CF88FD-7EE1-4563-951C-8702887AF763}.Debug|Any CPU.Build.0 = Debug|Any CPU
		{D1CF88FD-7EE1-4563-951C-8702887AF763}.Release|Any CPU.ActiveCfg = Release|Any CPU
		{D1CF88FD-7EE1-4563-951C-8702887AF763}.Release|Any CPU.Build.0 = Release|Any CPU
	EndGlobalSection
	GlobalSection(SolutionProperties) = preSolution
		HideSolutionNode = FALSE
	EndGlobalSection
	GlobalSection(ExtensibilityGlobals) = postSolution
		SolutionGuid = {EFFB2C72-5496-4A43-BBCE-33C2364B45C8}
	EndGlobalSection
EndGlobal
